
Microsoft Visual Studio Solution File, Format Version 12.00
# Visual Studio Version 17
VisualStudioVersion = 17.5.33627.172
MinimumVisualStudioVersion = 10.0.40219.1
Project("{FAE04EC0-301F-11D3-BF4B-00C04F79EFBC}") = "MediaDatabase", "MediaDatabase.csproj", "{CCE2B1E7-277C-43BD-992E-034E0C14366D}"
EndProject
Global
	GlobalSection(SolutionConfigurationPlatforms) = preSolution
		Debug|Any CPU = Debug|Any CPU
		Release|Any CPU = Release|Any CPU
	EndGlobalSection
	GlobalSection(ProjectConfigurationPlatforms) = postSolution
		{CCE2B1E7-277C-43BD-992E-034E0C14366D}.Debug|Any CPU.ActiveCfg = Debug|Any CPU
		{CCE2B1E7-277C-43BD-992E-034E0C14366D}.Debug|Any CPU.Build.0 = Debug|Any CPU
		{CCE2B1E7-277C-43BD-992E-034E0C14366D}.Release|Any CPU.ActiveCfg = Release|Any CPU
		{CCE2B1E7-277C-43BD-992E-034E0C14366D}.Release|Any CPU.Build.0 = Release|Any CPU
	EndGlobalSection
	GlobalSection(SolutionProperties) = preSolution
		HideSolutionNode = FALSE
	EndGlobalSection
	GlobalSection(ExtensibilityGlobals) = postSolution
		SolutionGuid = {8D8A6F4E-838A-4862-9447-C82D52E57374}
	EndGlobalSection
EndGlobal
